
Microsoft Visual Studio Solution File, Format Version 12.00
# Visual Studio Version 16
VisualStudioVersion = 16.0.31019.35
MinimumVisualStudioVersion = 10.0.40219.1
Project("{FAE04EC0-301F-11D3-BF4B-00C04F79EFBC}") = "WebApiRoulette", "WebApiRoulette\WebApiRoulette.csproj", "{CA5FB01A-452E-4AF8-99F3-E3DEEBA9F9B8}"
EndProject
Global
	GlobalSection(SolutionConfigurationPlatforms) = preSolution
		Debug|Any CPU = Debug|Any CPU
		Release|Any CPU = Release|Any CPU
	EndGlobalSection
	GlobalSection(ProjectConfigurationPlatforms) = postSolution
		{CA5FB01A-452E-4AF8-99F3-E3DEEBA9F9B8}.Debug|Any CPU.ActiveCfg = Debug|Any CPU
		{CA5FB01A-452E-4AF8-99F3-E3DEEBA9F9B8}.Debug|Any CPU.Build.0 = Debug|Any CPU
		{CA5FB01A-452E-4AF8-99F3-E3DEEBA9F9B8}.Release|Any CPU.ActiveCfg = Release|Any CPU
		{CA5FB01A-452E-4AF8-99F3-E3DEEBA9F9B8}.Release|Any CPU.Build.0 = Release|Any CPU
	EndGlobalSection
	GlobalSection(SolutionProperties) = preSolution
		HideSolutionNode = FALSE
	EndGlobalSection
	GlobalSection(ExtensibilityGlobals) = postSolution
		SolutionGuid = {CD5E010A-668A-4167-A98C-18575E4874B4}
	EndGlobalSection
EndGlobal
